
Microsoft Visual Studio Solution File, Format Version 12.00
# Visual Studio 15
VisualStudioVersion = 15.0.28307.2092
MinimumVisualStudioVersion = 10.0.40219.1
Project("{FAE04EC0-301F-11D3-BF4B-00C04F79EFBC}") = "SinanArslan_BirinciHafta", "SinanArslan_BirinciHafta\SinanArslan_BirinciHafta.csproj", "{FBE6D635-C4D4-40AF-A96A-92B08AB4704B}"
EndProject
Global
	GlobalSection(SolutionConfigurationPlatforms) = preSolution
		Debug|Any CPU = Debug|Any CPU
		Release|Any CPU = Release|Any CPU
	EndGlobalSection
	GlobalSection(ProjectConfigurationPlatforms) = postSolution
		{FBE6D635-C4D4-40AF-A96A-92B08AB4704B}.Debug|Any CPU.ActiveCfg = Debug|Any CPU
		{FBE6D635-C4D4-40AF-A96A-92B08AB4704B}.Debug|Any CPU.Build.0 = Debug|Any CPU
		{FBE6D635-C4D4-40AF-A96A-92B08AB4704B}.Release|Any CPU.ActiveCfg = Release|Any CPU
		{FBE6D635-C4D4-40AF-A96A-92B08AB4704B}.Release|Any CPU.Build.0 = Release|Any CPU
	EndGlobalSection
	GlobalSection(SolutionProperties) = preSolution
		HideSolutionNode = FALSE
	EndGlobalSection
	GlobalSection(ExtensibilityGlobals) = postSolution
		SolutionGuid = {75596C3C-11BC-474E-93A8-9545BC6E8506}
	EndGlobalSection
EndGlobal
