
Microsoft Visual Studio Solution File, Format Version 12.00
# Visual Studio 15
VisualStudioVersion = 15.0.28307.2092
MinimumVisualStudioVersion = 10.0.40219.1
Project("{FAE04EC0-301F-11D3-BF4B-00C04F79EFBC}") = "SinavCalisma9c", "SinavCalisma9c\SinavCalisma9c.csproj", "{B2DC7E80-B98E-463A-B899-ABC90DF4321C}"
EndProject
Global
	GlobalSection(SolutionConfigurationPlatforms) = preSolution
		Debug|Any CPU = Debug|Any CPU
		Release|Any CPU = Release|Any CPU
	EndGlobalSection
	GlobalSection(ProjectConfigurationPlatforms) = postSolution
		{B2DC7E80-B98E-463A-B899-ABC90DF4321C}.Debug|Any CPU.ActiveCfg = Debug|Any CPU
		{B2DC7E80-B98E-463A-B899-ABC90DF4321C}.Debug|Any CPU.Build.0 = Debug|Any CPU
		{B2DC7E80-B98E-463A-B899-ABC90DF4321C}.Release|Any CPU.ActiveCfg = Release|Any CPU
		{B2DC7E80-B98E-463A-B899-ABC90DF4321C}.Release|Any CPU.Build.0 = Release|Any CPU
	EndGlobalSection
	GlobalSection(SolutionProperties) = preSolution
		HideSolutionNode = FALSE
	EndGlobalSection
	GlobalSection(ExtensibilityGlobals) = postSolution
		SolutionGuid = {EA12D73A-303A-46CE-8949-680310FFE366}
	EndGlobalSection
EndGlobal
