
Microsoft Visual Studio Solution File, Format Version 12.00
# Visual Studio 15
VisualStudioVersion = 15.0.28307.2092
MinimumVisualStudioVersion = 10.0.40219.1
Project("{FAE04EC0-301F-11D3-BF4B-00C04F79EFBC}") = "winForms9ASinavCalismasi", "winForms9ASinavCalismasi\winForms9ASinavCalismasi.csproj", "{DC76B605-9978-43A9-B8FF-8ACF0F2E1BD0}"
EndProject
Global
	GlobalSection(SolutionConfigurationPlatforms) = preSolution
		Debug|Any CPU = Debug|Any CPU
		Release|Any CPU = Release|Any CPU
	EndGlobalSection
	GlobalSection(ProjectConfigurationPlatforms) = postSolution
		{DC76B605-9978-43A9-B8FF-8ACF0F2E1BD0}.Debug|Any CPU.ActiveCfg = Debug|Any CPU
		{DC76B605-9978-43A9-B8FF-8ACF0F2E1BD0}.Debug|Any CPU.Build.0 = Debug|Any CPU
		{DC76B605-9978-43A9-B8FF-8ACF0F2E1BD0}.Release|Any CPU.ActiveCfg = Release|Any CPU
		{DC76B605-9978-43A9-B8FF-8ACF0F2E1BD0}.Release|Any CPU.Build.0 = Release|Any CPU
	EndGlobalSection
	GlobalSection(SolutionProperties) = preSolution
		HideSolutionNode = FALSE
	EndGlobalSection
	GlobalSection(ExtensibilityGlobals) = postSolution
		SolutionGuid = {A05B5A11-B26C-41EF-946C-6E32AFE47F47}
	EndGlobalSection
EndGlobal
