
Microsoft Visual Studio Solution File, Format Version 12.00
# Visual Studio 15
VisualStudioVersion = 15.0.28307.2092
MinimumVisualStudioVersion = 10.0.40219.1
Project("{FAE04EC0-301F-11D3-BF4B-00C04F79EFBC}") = "KosulYapilariIF", "KosulYapilariIF\KosulYapilariIF.csproj", "{309F0096-0886-43BB-A584-E62BC6D67C7A}"
EndProject
Global
	GlobalSection(SolutionConfigurationPlatforms) = preSolution
		Debug|Any CPU = Debug|Any CPU
		Release|Any CPU = Release|Any CPU
	EndGlobalSection
	GlobalSection(ProjectConfigurationPlatforms) = postSolution
		{309F0096-0886-43BB-A584-E62BC6D67C7A}.Debug|Any CPU.ActiveCfg = Debug|Any CPU
		{309F0096-0886-43BB-A584-E62BC6D67C7A}.Debug|Any CPU.Build.0 = Debug|Any CPU
		{309F0096-0886-43BB-A584-E62BC6D67C7A}.Release|Any CPU.ActiveCfg = Release|Any CPU
		{309F0096-0886-43BB-A584-E62BC6D67C7A}.Release|Any CPU.Build.0 = Release|Any CPU
	EndGlobalSection
	GlobalSection(SolutionProperties) = preSolution
		HideSolutionNode = FALSE
	EndGlobalSection
	GlobalSection(ExtensibilityGlobals) = postSolution
		SolutionGuid = {385786D5-6ABF-4634-BC08-739BEFF5FFEC}
	EndGlobalSection
EndGlobal
