
Microsoft Visual Studio Solution File, Format Version 12.00
# Visual Studio 15
VisualStudioVersion = 15.0.28307.2092
MinimumVisualStudioVersion = 10.0.40219.1
Project("{FAE04EC0-301F-11D3-BF4B-00C04F79EFBC}") = "ConApp2", "ConApp2\ConApp2.csproj", "{6425FB55-E589-42B7-B1FB-791039A3484C}"
EndProject
Global
	GlobalSection(SolutionConfigurationPlatforms) = preSolution
		Debug|Any CPU = Debug|Any CPU
		Release|Any CPU = Release|Any CPU
	EndGlobalSection
	GlobalSection(ProjectConfigurationPlatforms) = postSolution
		{6425FB55-E589-42B7-B1FB-791039A3484C}.Debug|Any CPU.ActiveCfg = Debug|Any CPU
		{6425FB55-E589-42B7-B1FB-791039A3484C}.Debug|Any CPU.Build.0 = Debug|Any CPU
		{6425FB55-E589-42B7-B1FB-791039A3484C}.Release|Any CPU.ActiveCfg = Release|Any CPU
		{6425FB55-E589-42B7-B1FB-791039A3484C}.Release|Any CPU.Build.0 = Release|Any CPU
	EndGlobalSection
	GlobalSection(SolutionProperties) = preSolution
		HideSolutionNode = FALSE
	EndGlobalSection
	GlobalSection(ExtensibilityGlobals) = postSolution
		SolutionGuid = {4AF2EE2E-E1EC-4DA1-B772-F21ED22B7C31}
	EndGlobalSection
EndGlobal
