
Microsoft Visual Studio Solution File, Format Version 12.00
# Visual Studio 15
VisualStudioVersion = 15.0.28307.2092
MinimumVisualStudioVersion = 10.0.40219.1
Project("{FAE04EC0-301F-11D3-BF4B-00C04F79EFBC}") = "Con9AOrnekUygulamalar", "Con9AOrnekUygulamalar\Con9AOrnekUygulamalar.csproj", "{514CBF5B-865D-486C-A89D-410575481302}"
EndProject
Global
	GlobalSection(SolutionConfigurationPlatforms) = preSolution
		Debug|Any CPU = Debug|Any CPU
		Release|Any CPU = Release|Any CPU
	EndGlobalSection
	GlobalSection(ProjectConfigurationPlatforms) = postSolution
		{514CBF5B-865D-486C-A89D-410575481302}.Debug|Any CPU.ActiveCfg = Debug|Any CPU
		{514CBF5B-865D-486C-A89D-410575481302}.Debug|Any CPU.Build.0 = Debug|Any CPU
		{514CBF5B-865D-486C-A89D-410575481302}.Release|Any CPU.ActiveCfg = Release|Any CPU
		{514CBF5B-865D-486C-A89D-410575481302}.Release|Any CPU.Build.0 = Release|Any CPU
	EndGlobalSection
	GlobalSection(SolutionProperties) = preSolution
		HideSolutionNode = FALSE
	EndGlobalSection
	GlobalSection(ExtensibilityGlobals) = postSolution
		SolutionGuid = {EC593720-DA3C-495A-93D5-11A7089DA574}
	EndGlobalSection
EndGlobal
