
Microsoft Visual Studio Solution File, Format Version 12.00
# Visual Studio 15
VisualStudioVersion = 15.0.28307.2092
MinimumVisualStudioVersion = 10.0.40219.1
Project("{FAE04EC0-301F-11D3-BF4B-00C04F79EFBC}") = "10Aikisayiyitopla", "10Aikisayiyitopla\10Aikisayiyitopla.csproj", "{9FCA088D-08D6-4184-9599-C97B34716739}"
EndProject
Global
	GlobalSection(SolutionConfigurationPlatforms) = preSolution
		Debug|Any CPU = Debug|Any CPU
		Release|Any CPU = Release|Any CPU
	EndGlobalSection
	GlobalSection(ProjectConfigurationPlatforms) = postSolution
		{9FCA088D-08D6-4184-9599-C97B34716739}.Debug|Any CPU.ActiveCfg = Debug|Any CPU
		{9FCA088D-08D6-4184-9599-C97B34716739}.Debug|Any CPU.Build.0 = Debug|Any CPU
		{9FCA088D-08D6-4184-9599-C97B34716739}.Release|Any CPU.ActiveCfg = Release|Any CPU
		{9FCA088D-08D6-4184-9599-C97B34716739}.Release|Any CPU.Build.0 = Release|Any CPU
	EndGlobalSection
	GlobalSection(SolutionProperties) = preSolution
		HideSolutionNode = FALSE
	EndGlobalSection
	GlobalSection(ExtensibilityGlobals) = postSolution
		SolutionGuid = {2D8C83D6-2D0F-45CD-9B24-56DF072D66DF}
	EndGlobalSection
EndGlobal
