
Microsoft Visual Studio Solution File, Format Version 12.00
# Visual Studio 15
VisualStudioVersion = 15.0.28307.2092
MinimumVisualStudioVersion = 10.0.40219.1
Project("{FAE04EC0-301F-11D3-BF4B-00C04F79EFBC}") = "ConsoleApplicationOperatorler", "ConsoleApplicationOperatorler\ConsoleApplicationOperatorler.csproj", "{68CE45E0-9050-43CB-A087-91DA8A68D63C}"
EndProject
Global
	GlobalSection(SolutionConfigurationPlatforms) = preSolution
		Debug|Any CPU = Debug|Any CPU
		Release|Any CPU = Release|Any CPU
	EndGlobalSection
	GlobalSection(ProjectConfigurationPlatforms) = postSolution
		{68CE45E0-9050-43CB-A087-91DA8A68D63C}.Debug|Any CPU.ActiveCfg = Debug|Any CPU
		{68CE45E0-9050-43CB-A087-91DA8A68D63C}.Debug|Any CPU.Build.0 = Debug|Any CPU
		{68CE45E0-9050-43CB-A087-91DA8A68D63C}.Release|Any CPU.ActiveCfg = Release|Any CPU
		{68CE45E0-9050-43CB-A087-91DA8A68D63C}.Release|Any CPU.Build.0 = Release|Any CPU
	EndGlobalSection
	GlobalSection(SolutionProperties) = preSolution
		HideSolutionNode = FALSE
	EndGlobalSection
	GlobalSection(ExtensibilityGlobals) = postSolution
		SolutionGuid = {3E425B78-999F-4DF5-833B-93BB2A4F8CE8}
	EndGlobalSection
EndGlobal
