
Microsoft Visual Studio Solution File, Format Version 12.00
# Visual Studio 15
VisualStudioVersion = 15.0.28307.2092
MinimumVisualStudioVersion = 10.0.40219.1
Project("{FAE04EC0-301F-11D3-BF4B-00C04F79EFBC}") = "30092022Diziler9bOrnek5", "30092022Diziler9bOrnek5\30092022Diziler9bOrnek5.csproj", "{28FBDF85-D463-41F6-BBFE-D69D4672A14E}"
EndProject
Global
	GlobalSection(SolutionConfigurationPlatforms) = preSolution
		Debug|Any CPU = Debug|Any CPU
		Release|Any CPU = Release|Any CPU
	EndGlobalSection
	GlobalSection(ProjectConfigurationPlatforms) = postSolution
		{28FBDF85-D463-41F6-BBFE-D69D4672A14E}.Debug|Any CPU.ActiveCfg = Debug|Any CPU
		{28FBDF85-D463-41F6-BBFE-D69D4672A14E}.Debug|Any CPU.Build.0 = Debug|Any CPU
		{28FBDF85-D463-41F6-BBFE-D69D4672A14E}.Release|Any CPU.ActiveCfg = Release|Any CPU
		{28FBDF85-D463-41F6-BBFE-D69D4672A14E}.Release|Any CPU.Build.0 = Release|Any CPU
	EndGlobalSection
	GlobalSection(SolutionProperties) = preSolution
		HideSolutionNode = FALSE
	EndGlobalSection
	GlobalSection(ExtensibilityGlobals) = postSolution
		SolutionGuid = {5F0835B7-4314-49D7-AEFE-374783198027}
	EndGlobalSection
EndGlobal
