
Microsoft Visual Studio Solution File, Format Version 12.00
# Visual Studio 15
VisualStudioVersion = 15.0.28307.2092
MinimumVisualStudioVersion = 10.0.40219.1
Project("{FAE04EC0-301F-11D3-BF4B-00C04F79EFBC}") = "WinFormMethodOverloadUse10102022", "WinFormMethodOverloadUse10102022\WinFormMethodOverloadUse10102022.csproj", "{1E7480E1-B517-4EAA-ADD5-1E28FDB5639D}"
EndProject
Global
	GlobalSection(SolutionConfigurationPlatforms) = preSolution
		Debug|Any CPU = Debug|Any CPU
		Release|Any CPU = Release|Any CPU
	EndGlobalSection
	GlobalSection(ProjectConfigurationPlatforms) = postSolution
		{1E7480E1-B517-4EAA-ADD5-1E28FDB5639D}.Debug|Any CPU.ActiveCfg = Debug|Any CPU
		{1E7480E1-B517-4EAA-ADD5-1E28FDB5639D}.Debug|Any CPU.Build.0 = Debug|Any CPU
		{1E7480E1-B517-4EAA-ADD5-1E28FDB5639D}.Release|Any CPU.ActiveCfg = Release|Any CPU
		{1E7480E1-B517-4EAA-ADD5-1E28FDB5639D}.Release|Any CPU.Build.0 = Release|Any CPU
	EndGlobalSection
	GlobalSection(SolutionProperties) = preSolution
		HideSolutionNode = FALSE
	EndGlobalSection
	GlobalSection(ExtensibilityGlobals) = postSolution
		SolutionGuid = {65FCDD7A-AC0C-4466-AD51-821984001C56}
	EndGlobalSection
EndGlobal
