
Microsoft Visual Studio Solution File, Format Version 12.00
# Visual Studio 15
VisualStudioVersion = 15.0.28307.2092
MinimumVisualStudioVersion = 10.0.40219.1
Project("{FAE04EC0-301F-11D3-BF4B-00C04F79EFBC}") = "Ornek75", "Ornek75\Ornek75.csproj", "{69BBF875-A1E1-4D16-A3F4-91D889EAA480}"
EndProject
Global
	GlobalSection(SolutionConfigurationPlatforms) = preSolution
		Debug|Any CPU = Debug|Any CPU
		Release|Any CPU = Release|Any CPU
	EndGlobalSection
	GlobalSection(ProjectConfigurationPlatforms) = postSolution
		{69BBF875-A1E1-4D16-A3F4-91D889EAA480}.Debug|Any CPU.ActiveCfg = Debug|Any CPU
		{69BBF875-A1E1-4D16-A3F4-91D889EAA480}.Debug|Any CPU.Build.0 = Debug|Any CPU
		{69BBF875-A1E1-4D16-A3F4-91D889EAA480}.Release|Any CPU.ActiveCfg = Release|Any CPU
		{69BBF875-A1E1-4D16-A3F4-91D889EAA480}.Release|Any CPU.Build.0 = Release|Any CPU
	EndGlobalSection
	GlobalSection(SolutionProperties) = preSolution
		HideSolutionNode = FALSE
	EndGlobalSection
	GlobalSection(ExtensibilityGlobals) = postSolution
		SolutionGuid = {7FD5278D-612A-4D66-B561-B224A89F3D43}
	EndGlobalSection
EndGlobal
