
Microsoft Visual Studio Solution File, Format Version 12.00
# Visual Studio 15
VisualStudioVersion = 15.0.28307.2092
MinimumVisualStudioVersion = 10.0.40219.1
Project("{FAE04EC0-301F-11D3-BF4B-00C04F79EFBC}") = "03102022WinFormListeleyiciler2", "03102022WinFormListeleyiciler2\03102022WinFormListeleyiciler2.csproj", "{AECF7429-F941-4E98-9A96-8BB99146D311}"
EndProject
Global
	GlobalSection(SolutionConfigurationPlatforms) = preSolution
		Debug|Any CPU = Debug|Any CPU
		Release|Any CPU = Release|Any CPU
	EndGlobalSection
	GlobalSection(ProjectConfigurationPlatforms) = postSolution
		{AECF7429-F941-4E98-9A96-8BB99146D311}.Debug|Any CPU.ActiveCfg = Debug|Any CPU
		{AECF7429-F941-4E98-9A96-8BB99146D311}.Debug|Any CPU.Build.0 = Debug|Any CPU
		{AECF7429-F941-4E98-9A96-8BB99146D311}.Release|Any CPU.ActiveCfg = Release|Any CPU
		{AECF7429-F941-4E98-9A96-8BB99146D311}.Release|Any CPU.Build.0 = Release|Any CPU
	EndGlobalSection
	GlobalSection(SolutionProperties) = preSolution
		HideSolutionNode = FALSE
	EndGlobalSection
	GlobalSection(ExtensibilityGlobals) = postSolution
		SolutionGuid = {38D02A9B-05DF-4F43-8866-6362975A129E}
	EndGlobalSection
EndGlobal
