
Microsoft Visual Studio Solution File, Format Version 12.00
# Visual Studio 15
VisualStudioVersion = 15.0.28307.2092
MinimumVisualStudioVersion = 10.0.40219.1
Project("{FAE04EC0-301F-11D3-BF4B-00C04F79EFBC}") = "WinFormSinav10A", "WinFormSinav10A\WinFormSinav10A.csproj", "{9564932E-2B3A-4A3F-8CDD-2E11ED446404}"
EndProject
Global
	GlobalSection(SolutionConfigurationPlatforms) = preSolution
		Debug|Any CPU = Debug|Any CPU
		Release|Any CPU = Release|Any CPU
	EndGlobalSection
	GlobalSection(ProjectConfigurationPlatforms) = postSolution
		{9564932E-2B3A-4A3F-8CDD-2E11ED446404}.Debug|Any CPU.ActiveCfg = Debug|Any CPU
		{9564932E-2B3A-4A3F-8CDD-2E11ED446404}.Debug|Any CPU.Build.0 = Debug|Any CPU
		{9564932E-2B3A-4A3F-8CDD-2E11ED446404}.Release|Any CPU.ActiveCfg = Release|Any CPU
		{9564932E-2B3A-4A3F-8CDD-2E11ED446404}.Release|Any CPU.Build.0 = Release|Any CPU
	EndGlobalSection
	GlobalSection(SolutionProperties) = preSolution
		HideSolutionNode = FALSE
	EndGlobalSection
	GlobalSection(ExtensibilityGlobals) = postSolution
		SolutionGuid = {D8C657E6-BCF7-4C3D-974B-C730A18F3BD1}
	EndGlobalSection
EndGlobal
