
Microsoft Visual Studio Solution File, Format Version 12.00
# Visual Studio 15
VisualStudioVersion = 15.0.28307.2092
MinimumVisualStudioVersion = 10.0.40219.1
Project("{FAE04EC0-301F-11D3-BF4B-00C04F79EFBC}") = "MerhabaDunya1hafta", "MerhabaDunya1hafta\MerhabaDunya1hafta.csproj", "{54E716C5-45D4-4DBE-B0D3-A69E422C2BF0}"
EndProject
Global
	GlobalSection(SolutionConfigurationPlatforms) = preSolution
		Debug|Any CPU = Debug|Any CPU
		Release|Any CPU = Release|Any CPU
	EndGlobalSection
	GlobalSection(ProjectConfigurationPlatforms) = postSolution
		{54E716C5-45D4-4DBE-B0D3-A69E422C2BF0}.Debug|Any CPU.ActiveCfg = Debug|Any CPU
		{54E716C5-45D4-4DBE-B0D3-A69E422C2BF0}.Debug|Any CPU.Build.0 = Debug|Any CPU
		{54E716C5-45D4-4DBE-B0D3-A69E422C2BF0}.Release|Any CPU.ActiveCfg = Release|Any CPU
		{54E716C5-45D4-4DBE-B0D3-A69E422C2BF0}.Release|Any CPU.Build.0 = Release|Any CPU
	EndGlobalSection
	GlobalSection(SolutionProperties) = preSolution
		HideSolutionNode = FALSE
	EndGlobalSection
	GlobalSection(ExtensibilityGlobals) = postSolution
		SolutionGuid = {5FEBC78C-EDAC-4D29-A731-C77FDA22BC36}
	EndGlobalSection
EndGlobal
