
Microsoft Visual Studio Solution File, Format Version 12.00
# Visual Studio 15
VisualStudioVersion = 15.0.28307.2092
MinimumVisualStudioVersion = 10.0.40219.1
Project("{FAE04EC0-301F-11D3-BF4B-00C04F79EFBC}") = "WinFormsDepoOtomasyonu", "WinFormsDepoOtomasyonu\WinFormsDepoOtomasyonu.csproj", "{651EECED-AB7B-413C-BD57-4030B283F10F}"
EndProject
Global
	GlobalSection(SolutionConfigurationPlatforms) = preSolution
		Debug|Any CPU = Debug|Any CPU
		Release|Any CPU = Release|Any CPU
	EndGlobalSection
	GlobalSection(ProjectConfigurationPlatforms) = postSolution
		{651EECED-AB7B-413C-BD57-4030B283F10F}.Debug|Any CPU.ActiveCfg = Debug|Any CPU
		{651EECED-AB7B-413C-BD57-4030B283F10F}.Debug|Any CPU.Build.0 = Debug|Any CPU
		{651EECED-AB7B-413C-BD57-4030B283F10F}.Release|Any CPU.ActiveCfg = Release|Any CPU
		{651EECED-AB7B-413C-BD57-4030B283F10F}.Release|Any CPU.Build.0 = Release|Any CPU
	EndGlobalSection
	GlobalSection(SolutionProperties) = preSolution
		HideSolutionNode = FALSE
	EndGlobalSection
	GlobalSection(ExtensibilityGlobals) = postSolution
		SolutionGuid = {540BCAF5-C7F4-4455-9743-2534943698C9}
	EndGlobalSection
EndGlobal
