
Microsoft Visual Studio Solution File, Format Version 12.00
# Visual Studio 15
VisualStudioVersion = 15.0.28307.2092
MinimumVisualStudioVersion = 10.0.40219.1
Project("{FAE04EC0-301F-11D3-BF4B-00C04F79EFBC}") = "11ABHesapMakinesi", "11ABHesapMakinesi\11ABHesapMakinesi.csproj", "{B3C18AF8-888E-4A40-BCBC-6AB7A5170452}"
EndProject
Global
	GlobalSection(SolutionConfigurationPlatforms) = preSolution
		Debug|Any CPU = Debug|Any CPU
		Release|Any CPU = Release|Any CPU
	EndGlobalSection
	GlobalSection(ProjectConfigurationPlatforms) = postSolution
		{B3C18AF8-888E-4A40-BCBC-6AB7A5170452}.Debug|Any CPU.ActiveCfg = Debug|Any CPU
		{B3C18AF8-888E-4A40-BCBC-6AB7A5170452}.Debug|Any CPU.Build.0 = Debug|Any CPU
		{B3C18AF8-888E-4A40-BCBC-6AB7A5170452}.Release|Any CPU.ActiveCfg = Release|Any CPU
		{B3C18AF8-888E-4A40-BCBC-6AB7A5170452}.Release|Any CPU.Build.0 = Release|Any CPU
	EndGlobalSection
	GlobalSection(SolutionProperties) = preSolution
		HideSolutionNode = FALSE
	EndGlobalSection
	GlobalSection(ExtensibilityGlobals) = postSolution
		SolutionGuid = {2B99BC1D-33F5-4700-85E7-2884E81BEA2A}
	EndGlobalSection
EndGlobal
